
Microsoft Visual Studio Solution File, Format Version 12.00
# Visual Studio Version 16
VisualStudioVersion = 16.0.31205.134
MinimumVisualStudioVersion = 10.0.40219.1
Project("{9A19103F-16F7-4668-BE54-9A1E7A4F7556}") = "HomeWorkNumberFifteen", "HomeWorkNumbeFifteen\HomeWorkNumberFifteen.csproj", "{7F647FC5-3660-4A36-9322-A5CF3206E6AA}"
EndProject
Project("{9A19103F-16F7-4668-BE54-9A1E7A4F7556}") = "ClassLibrary1", "ClassLibrary1\ClassLibrary1.csproj", "{11095D45-26ED-4BDA-A753-C3D883FE11F7}"
EndProject
Global
	GlobalSection(SolutionConfigurationPlatforms) = preSolution
		Debug|Any CPU = Debug|Any CPU
		Release|Any CPU = Release|Any CPU
	EndGlobalSection
	GlobalSection(ProjectConfigurationPlatforms) = postSolution
		{7F647FC5-3660-4A36-9322-A5CF3206E6AA}.Debug|Any CPU.ActiveCfg = Debug|Any CPU
		{7F647FC5-3660-4A36-9322-A5CF3206E6AA}.Debug|Any CPU.Build.0 = Debug|Any CPU
		{7F647FC5-3660-4A36-9322-A5CF3206E6AA}.Release|Any CPU.ActiveCfg = Release|Any CPU
		{7F647FC5-3660-4A36-9322-A5CF3206E6AA}.Release|Any CPU.Build.0 = Release|Any CPU
		{11095D45-26ED-4BDA-A753-C3D883FE11F7}.Debug|Any CPU.ActiveCfg = Debug|Any CPU
		{11095D45-26ED-4BDA-A753-C3D883FE11F7}.Debug|Any CPU.Build.0 = Debug|Any CPU
		{11095D45-26ED-4BDA-A753-C3D883FE11F7}.Release|Any CPU.ActiveCfg = Release|Any CPU
		{11095D45-26ED-4BDA-A753-C3D883FE11F7}.Release|Any CPU.Build.0 = Release|Any CPU
	EndGlobalSection
	GlobalSection(SolutionProperties) = preSolution
		HideSolutionNode = FALSE
	EndGlobalSection
	GlobalSection(ExtensibilityGlobals) = postSolution
		SolutionGuid = {D8A4AA38-8889-422B-92CF-A3257EF74939}
	EndGlobalSection
EndGlobal
